
Microsoft Visual Studio Solution File, Format Version 12.00
# Visual Studio 2013
VisualStudioVersion = 12.0.31101.0
MinimumVisualStudioVersion = 10.0.40219.1
Project("{D954291E-2A0B-460D-934E-DC6B0785DB48}") = "UnitKing.Core", "UnitKing.Core\UnitKing.Core.shproj", "{2B2BE006-38AC-4D7C-8242-7B0472948DA8}"
EndProject
Project("{2150E333-8FDC-42A3-9474-1A3956D46DE8}") = "UnitKing.Store", "UnitKing.Store", "{37CB94F4-A400-4F08-B74C-C1E820CB4F6C}"
EndProject
Project("{D954291E-2A0B-460D-934E-DC6B0785DB48}") = "UnitKing.Store.Shared", "UnitKing.Store\UnitKing.Store.Shared\UnitKing.Store.Shared.shproj", "{A6B527D7-0B19-4F5A-A442-A051B514B58F}"
EndProject
Project("{FAE04EC0-301F-11D3-BF4B-00C04F79EFBC}") = "UnitKing.Store.Windows", "UnitKing.Store\UnitKing.Store.Windows\UnitKing.Store.Windows.csproj", "{2732A524-4ADA-4F4D-B712-02ADA79037D0}"
EndProject
Project("{FAE04EC0-301F-11D3-BF4B-00C04F79EFBC}") = "UnitKing.Store.WindowsPhone", "UnitKing.Store\UnitKing.Store.WindowsPhone\UnitKing.Store.WindowsPhone.csproj", "{8F37F185-9EE8-4554-A532-33321D52FD6C}"
EndProject
Project("{FAE04EC0-301F-11D3-BF4B-00C04F79EFBC}") = "UnitKing.Android", "UnitKing.Android\UnitKing.Android.csproj", "{88D63938-5D21-449E-AAB2-C013F5B18AA9}"
EndProject
Project("{FAE04EC0-301F-11D3-BF4B-00C04F79EFBC}") = "UnitKing.iOS", "UnitKing.iOS\UnitKing.iOS.csproj", "{EE4FC55F-3942-46C1-B836-D078AD83D862}"
EndProject
Global
	GlobalSection(SharedMSBuildProjectFiles) = preSolution
		UnitKing.Store\UnitKing.Store.Shared\UnitKing.Store.Shared.projitems*{a6b527d7-0b19-4f5a-a442-a051b514b58f}*SharedItemsImports = 13
		UnitKing.Core\UnitKing.Core.projitems*{88d63938-5d21-449e-aab2-c013f5b18aa9}*SharedItemsImports = 4
		UnitKing.Core\UnitKing.Core.projitems*{8f37f185-9ee8-4554-a532-33321d52fd6c}*SharedItemsImports = 4
		UnitKing.Store\UnitKing.Store.Shared\UnitKing.Store.Shared.projitems*{8f37f185-9ee8-4554-a532-33321d52fd6c}*SharedItemsImports = 4
		UnitKing.Core\UnitKing.Core.projitems*{2b2be006-38ac-4d7c-8242-7b0472948da8}*SharedItemsImports = 13
		UnitKing.Core\UnitKing.Core.projitems*{2732a524-4ada-4f4d-b712-02ada79037d0}*SharedItemsImports = 4
		UnitKing.Store\UnitKing.Store.Shared\UnitKing.Store.Shared.projitems*{2732a524-4ada-4f4d-b712-02ada79037d0}*SharedItemsImports = 4
	EndGlobalSection
	GlobalSection(SolutionConfigurationPlatforms) = preSolution
		Ad-Hoc|Any CPU = Ad-Hoc|Any CPU
		Ad-Hoc|ARM = Ad-Hoc|ARM
		Ad-Hoc|iPhone = Ad-Hoc|iPhone
		Ad-Hoc|iPhoneSimulator = Ad-Hoc|iPhoneSimulator
		Ad-Hoc|Mixed Platforms = Ad-Hoc|Mixed Platforms
		Ad-Hoc|x64 = Ad-Hoc|x64
		Ad-Hoc|x86 = Ad-Hoc|x86
		AppStore|Any CPU = AppStore|Any CPU
		AppStore|ARM = AppStore|ARM
		AppStore|iPhone = AppStore|iPhone
		AppStore|iPhoneSimulator = AppStore|iPhoneSimulator
		AppStore|Mixed Platforms = AppStore|Mixed Platforms
		AppStore|x64 = AppStore|x64
		AppStore|x86 = AppStore|x86
		Debug|Any CPU = Debug|Any CPU
		Debug|ARM = Debug|ARM
		Debug|iPhone = Debug|iPhone
		Debug|iPhoneSimulator = Debug|iPhoneSimulator
		Debug|Mixed Platforms = Debug|Mixed Platforms
		Debug|x64 = Debug|x64
		Debug|x86 = Debug|x86
		Release|Any CPU = Release|Any CPU
		Release|ARM = Release|ARM
		Release|iPhone = Release|iPhone
		Release|iPhoneSimulator = Release|iPhoneSimulator
		Release|Mixed Platforms = Release|Mixed Platforms
		Release|x64 = Release|x64
		Release|x86 = Release|x86
	EndGlobalSection
	GlobalSection(ProjectConfigurationPlatforms) = postSolution
		{2732A524-4ADA-4F4D-B712-02ADA79037D0}.Ad-Hoc|Any CPU.ActiveCfg = Release|Any CPU
		{2732A524-4ADA-4F4D-B712-02ADA79037D0}.Ad-Hoc|Any CPU.Build.0 = Release|Any CPU
		{2732A524-4ADA-4F4D-B712-02ADA79037D0}.Ad-Hoc|Any CPU.Deploy.0 = Release|Any CPU
		{2732A524-4ADA-4F4D-B712-02ADA79037D0}.Ad-Hoc|ARM.ActiveCfg = Release|ARM
		{2732A524-4ADA-4F4D-B712-02ADA79037D0}.Ad-Hoc|ARM.Build.0 = Release|ARM
		{2732A524-4ADA-4F4D-B712-02ADA79037D0}.Ad-Hoc|ARM.Deploy.0 = Release|ARM
		{2732A524-4ADA-4F4D-B712-02ADA79037D0}.Ad-Hoc|iPhone.ActiveCfg = Release|Any CPU
		{2732A524-4ADA-4F4D-B712-02ADA79037D0}.Ad-Hoc|iPhoneSimulator.ActiveCfg = Release|Any CPU
		{2732A524-4ADA-4F4D-B712-02ADA79037D0}.Ad-Hoc|Mixed Platforms.ActiveCfg = Release|x86
		{2732A524-4ADA-4F4D-B712-02ADA79037D0}.Ad-Hoc|Mixed Platforms.Build.0 = Release|x86
		{2732A524-4ADA-4F4D-B712-02ADA79037D0}.Ad-Hoc|Mixed Platforms.Deploy.0 = Release|x86
		{2732A524-4ADA-4F4D-B712-02ADA79037D0}.Ad-Hoc|x64.ActiveCfg = Release|x64
		{2732A524-4ADA-4F4D-B712-02ADA79037D0}.Ad-Hoc|x64.Build.0 = Release|x64
		{2732A524-4ADA-4F4D-B712-02ADA79037D0}.Ad-Hoc|x64.Deploy.0 = Release|x64
		{2732A524-4ADA-4F4D-B712-02ADA79037D0}.Ad-Hoc|x86.ActiveCfg = Release|x86
		{2732A524-4ADA-4F4D-B712-02ADA79037D0}.Ad-Hoc|x86.Build.0 = Release|x86
		{2732A524-4ADA-4F4D-B712-02ADA79037D0}.Ad-Hoc|x86.Deploy.0 = Release|x86
		{2732A524-4ADA-4F4D-B712-02ADA79037D0}.AppStore|Any CPU.ActiveCfg = Release|Any CPU
		{2732A524-4ADA-4F4D-B712-02ADA79037D0}.AppStore|Any CPU.Build.0 = Release|Any CPU
		{2732A524-4ADA-4F4D-B712-02ADA79037D0}.AppStore|Any CPU.Deploy.0 = Release|Any CPU
		{2732A524-4ADA-4F4D-B712-02ADA79037D0}.AppStore|ARM.ActiveCfg = Release|ARM
		{2732A524-4ADA-4F4D-B712-02ADA79037D0}.AppStore|ARM.Build.0 = Release|ARM
		{2732A524-4ADA-4F4D-B712-02ADA79037D0}.AppStore|ARM.Deploy.0 = Release|ARM
		{2732A524-4ADA-4F4D-B712-02ADA79037D0}.AppStore|iPhone.ActiveCfg = Release|Any CPU
		{2732A524-4ADA-4F4D-B712-02ADA79037D0}.AppStore|iPhoneSimulator.ActiveCfg = Release|Any CPU
		{2732A524-4ADA-4F4D-B712-02ADA79037D0}.AppStore|Mixed Platforms.ActiveCfg = Release|x86
		{2732A524-4ADA-4F4D-B712-02ADA79037D0}.AppStore|Mixed Platforms.Build.0 = Release|x86
		{2732A524-4ADA-4F4D-B712-02ADA79037D0}.AppStore|Mixed Platforms.Deploy.0 = Release|x86
		{2732A524-4ADA-4F4D-B712-02ADA79037D0}.AppStore|x64.ActiveCfg = Release|x64
		{2732A524-4ADA-4F4D-B712-02ADA79037D0}.AppStore|x64.Build.0 = Release|x64
		{2732A524-4ADA-4F4D-B712-02ADA79037D0}.AppStore|x64.Deploy.0 = Release|x64
		{2732A524-4ADA-4F4D-B712-02ADA79037D0}.AppStore|x86.ActiveCfg = Release|x86
		{2732A524-4ADA-4F4D-B712-02ADA79037D0}.AppStore|x86.Build.0 = Release|x86
		{2732A524-4ADA-4F4D-B712-02ADA79037D0}.AppStore|x86.Deploy.0 = Release|x86
		{2732A524-4ADA-4F4D-B712-02ADA79037D0}.Debug|Any CPU.ActiveCfg = Debug|Any CPU
		{2732A524-4ADA-4F4D-B712-02ADA79037D0}.Debug|Any CPU.Build.0 = Debug|Any CPU
		{2732A524-4ADA-4F4D-B712-02ADA79037D0}.Debug|Any CPU.Deploy.0 = Debug|Any CPU
		{2732A524-4ADA-4F4D-B712-02ADA79037D0}.Debug|ARM.ActiveCfg = Debug|ARM
		{2732A524-4ADA-4F4D-B712-02ADA79037D0}.Debug|ARM.Build.0 = Debug|ARM
		{2732A524-4ADA-4F4D-B712-02ADA79037D0}.Debug|ARM.Deploy.0 = Debug|ARM
		{2732A524-4ADA-4F4D-B712-02ADA79037D0}.Debug|iPhone.ActiveCfg = Debug|Any CPU
		{2732A524-4ADA-4F4D-B712-02ADA79037D0}.Debug|iPhoneSimulator.ActiveCfg = Debug|Any CPU
		{2732A524-4ADA-4F4D-B712-02ADA79037D0}.Debug|Mixed Platforms.ActiveCfg = Debug|x86
		{2732A524-4ADA-4F4D-B712-02ADA79037D0}.Debug|Mixed Platforms.Build.0 = Debug|x86
		{2732A524-4ADA-4F4D-B712-02ADA79037D0}.Debug|Mixed Platforms.Deploy.0 = Debug|x86
		{2732A524-4ADA-4F4D-B712-02ADA79037D0}.Debug|x64.ActiveCfg = Debug|x64
		{2732A524-4ADA-4F4D-B712-02ADA79037D0}.Debug|x64.Build.0 = Debug|x64
		{2732A524-4ADA-4F4D-B712-02ADA79037D0}.Debug|x64.Deploy.0 = Debug|x64
		{2732A524-4ADA-4F4D-B712-02ADA79037D0}.Debug|x86.ActiveCfg = Debug|x86
		{2732A524-4ADA-4F4D-B712-02ADA79037D0}.Debug|x86.Build.0 = Debug|x86
		{2732A524-4ADA-4F4D-B712-02ADA79037D0}.Debug|x86.Deploy.0 = Debug|x86
		{2732A524-4ADA-4F4D-B712-02ADA79037D0}.Release|Any CPU.ActiveCfg = Release|Any CPU
		{2732A524-4ADA-4F4D-B712-02ADA79037D0}.Release|Any CPU.Build.0 = Release|Any CPU
		{2732A524-4ADA-4F4D-B712-02ADA79037D0}.Release|Any CPU.Deploy.0 = Release|Any CPU
		{2732A524-4ADA-4F4D-B712-02ADA79037D0}.Release|ARM.ActiveCfg = Release|ARM
		{2732A524-4ADA-4F4D-B712-02ADA79037D0}.Release|ARM.Build.0 = Release|ARM
		{2732A524-4ADA-4F4D-B712-02ADA79037D0}.Release|ARM.Deploy.0 = Release|ARM
		{2732A524-4ADA-4F4D-B712-02ADA79037D0}.Release|iPhone.ActiveCfg = Release|Any CPU
		{2732A524-4ADA-4F4D-B712-02ADA79037D0}.Release|iPhoneSimulator.ActiveCfg = Release|Any CPU
		{2732A524-4ADA-4F4D-B712-02ADA79037D0}.Release|Mixed Platforms.ActiveCfg = Release|x86
		{2732A524-4ADA-4F4D-B712-02ADA79037D0}.Release|Mixed Platforms.Build.0 = Release|x86
		{2732A524-4ADA-4F4D-B712-02ADA79037D0}.Release|Mixed Platforms.Deploy.0 = Release|x86
		{2732A524-4ADA-4F4D-B712-02ADA79037D0}.Release|x64.ActiveCfg = Release|x64
		{2732A524-4ADA-4F4D-B712-02ADA79037D0}.Release|x64.Build.0 = Release|x64
		{2732A524-4ADA-4F4D-B712-02ADA79037D0}.Release|x64.Deploy.0 = Release|x64
		{2732A524-4ADA-4F4D-B712-02ADA79037D0}.Release|x86.ActiveCfg = Release|x86
		{2732A524-4ADA-4F4D-B712-02ADA79037D0}.Release|x86.Build.0 = Release|x86
		{2732A524-4ADA-4F4D-B712-02ADA79037D0}.Release|x86.Deploy.0 = Release|x86
		{8F37F185-9EE8-4554-A532-33321D52FD6C}.Ad-Hoc|Any CPU.ActiveCfg = Release|Any CPU
		{8F37F185-9EE8-4554-A532-33321D52FD6C}.Ad-Hoc|Any CPU.Build.0 = Release|Any CPU
		{8F37F185-9EE8-4554-A532-33321D52FD6C}.Ad-Hoc|Any CPU.Deploy.0 = Release|Any CPU
		{8F37F185-9EE8-4554-A532-33321D52FD6C}.Ad-Hoc|ARM.ActiveCfg = Release|ARM
		{8F37F185-9EE8-4554-A532-33321D52FD6C}.Ad-Hoc|ARM.Build.0 = Release|ARM
		{8F37F185-9EE8-4554-A532-33321D52FD6C}.Ad-Hoc|ARM.Deploy.0 = Release|ARM
		{8F37F185-9EE8-4554-A532-33321D52FD6C}.Ad-Hoc|iPhone.ActiveCfg = Release|Any CPU
		{8F37F185-9EE8-4554-A532-33321D52FD6C}.Ad-Hoc|iPhoneSimulator.ActiveCfg = Release|Any CPU
		{8F37F185-9EE8-4554-A532-33321D52FD6C}.Ad-Hoc|Mixed Platforms.ActiveCfg = Release|x86
		{8F37F185-9EE8-4554-A532-33321D52FD6C}.Ad-Hoc|Mixed Platforms.Build.0 = Release|x86
		{8F37F185-9EE8-4554-A532-33321D52FD6C}.Ad-Hoc|Mixed Platforms.Deploy.0 = Release|x86
		{8F37F185-9EE8-4554-A532-33321D52FD6C}.Ad-Hoc|x64.ActiveCfg = Release|Any CPU
		{8F37F185-9EE8-4554-A532-33321D52FD6C}.Ad-Hoc|x86.ActiveCfg = Release|x86
		{8F37F185-9EE8-4554-A532-33321D52FD6C}.Ad-Hoc|x86.Build.0 = Release|x86
		{8F37F185-9EE8-4554-A532-33321D52FD6C}.Ad-Hoc|x86.Deploy.0 = Release|x86
		{8F37F185-9EE8-4554-A532-33321D52FD6C}.AppStore|Any CPU.ActiveCfg = Release|Any CPU
		{8F37F185-9EE8-4554-A532-33321D52FD6C}.AppStore|Any CPU.Build.0 = Release|Any CPU
		{8F37F185-9EE8-4554-A532-33321D52FD6C}.AppStore|Any CPU.Deploy.0 = Release|Any CPU
		{8F37F185-9EE8-4554-A532-33321D52FD6C}.AppStore|ARM.ActiveCfg = Release|ARM
		{8F37F185-9EE8-4554-A532-33321D52FD6C}.AppStore|ARM.Build.0 = Release|ARM
		{8F37F185-9EE8-4554-A532-33321D52FD6C}.AppStore|ARM.Deploy.0 = Release|ARM
		{8F37F185-9EE8-4554-A532-33321D52FD6C}.AppStore|iPhone.ActiveCfg = Release|Any CPU
		{8F37F185-9EE8-4554-A532-33321D52FD6C}.AppStore|iPhoneSimulator.ActiveCfg = Release|Any CPU
		{8F37F185-9EE8-4554-A532-33321D52FD6C}.AppStore|Mixed Platforms.ActiveCfg = Release|x86
		{8F37F185-9EE8-4554-A532-33321D52FD6C}.AppStore|Mixed Platforms.Build.0 = Release|x86
		{8F37F185-9EE8-4554-A532-33321D52FD6C}.AppStore|Mixed Platforms.Deploy.0 = Release|x86
		{8F37F185-9EE8-4554-A532-33321D52FD6C}.AppStore|x64.ActiveCfg = Release|Any CPU
		{8F37F185-9EE8-4554-A532-33321D52FD6C}.AppStore|x86.ActiveCfg = Release|x86
		{8F37F185-9EE8-4554-A532-33321D52FD6C}.AppStore|x86.Build.0 = Release|x86
		{8F37F185-9EE8-4554-A532-33321D52FD6C}.AppStore|x86.Deploy.0 = Release|x86
		{8F37F185-9EE8-4554-A532-33321D52FD6C}.Debug|Any CPU.ActiveCfg = Debug|Any CPU
		{8F37F185-9EE8-4554-A532-33321D52FD6C}.Debug|Any CPU.Build.0 = Debug|Any CPU
		{8F37F185-9EE8-4554-A532-33321D52FD6C}.Debug|Any CPU.Deploy.0 = Debug|Any CPU
		{8F37F185-9EE8-4554-A532-33321D52FD6C}.Debug|ARM.ActiveCfg = Debug|ARM
		{8F37F185-9EE8-4554-A532-33321D52FD6C}.Debug|ARM.Build.0 = Debug|ARM
		{8F37F185-9EE8-4554-A532-33321D52FD6C}.Debug|ARM.Deploy.0 = Debug|ARM
		{8F37F185-9EE8-4554-A532-33321D52FD6C}.Debug|iPhone.ActiveCfg = Debug|Any CPU
		{8F37F185-9EE8-4554-A532-33321D52FD6C}.Debug|iPhoneSimulator.ActiveCfg = Debug|Any CPU
		{8F37F185-9EE8-4554-A532-33321D52FD6C}.Debug|Mixed Platforms.ActiveCfg = Debug|x86
		{8F37F185-9EE8-4554-A532-33321D52FD6C}.Debug|Mixed Platforms.Build.0 = Debug|x86
		{8F37F185-9EE8-4554-A532-33321D52FD6C}.Debug|Mixed Platforms.Deploy.0 = Debug|x86
		{8F37F185-9EE8-4554-A532-33321D52FD6C}.Debug|x64.ActiveCfg = Debug|Any CPU
		{8F37F185-9EE8-4554-A532-33321D52FD6C}.Debug|x86.ActiveCfg = Debug|x86
		{8F37F185-9EE8-4554-A532-33321D52FD6C}.Debug|x86.Build.0 = Debug|x86
		{8F37F185-9EE8-4554-A532-33321D52FD6C}.Debug|x86.Deploy.0 = Debug|x86
		{8F37F185-9EE8-4554-A532-33321D52FD6C}.Release|Any CPU.ActiveCfg = Release|Any CPU
		{8F37F185-9EE8-4554-A532-33321D52FD6C}.Release|Any CPU.Build.0 = Release|Any CPU
		{8F37F185-9EE8-4554-A532-33321D52FD6C}.Release|Any CPU.Deploy.0 = Release|Any CPU
		{8F37F185-9EE8-4554-A532-33321D52FD6C}.Release|ARM.ActiveCfg = Release|ARM
		{8F37F185-9EE8-4554-A532-33321D52FD6C}.Release|ARM.Build.0 = Release|ARM
		{8F37F185-9EE8-4554-A532-33321D52FD6C}.Release|ARM.Deploy.0 = Release|ARM
		{8F37F185-9EE8-4554-A532-33321D52FD6C}.Release|iPhone.ActiveCfg = Release|Any CPU
		{8F37F185-9EE8-4554-A532-33321D52FD6C}.Release|iPhoneSimulator.ActiveCfg = Release|Any CPU
		{8F37F185-9EE8-4554-A532-33321D52FD6C}.Release|Mixed Platforms.ActiveCfg = Release|x86
		{8F37F185-9EE8-4554-A532-33321D52FD6C}.Release|Mixed Platforms.Build.0 = Release|x86
		{8F37F185-9EE8-4554-A532-33321D52FD6C}.Release|Mixed Platforms.Deploy.0 = Release|x86
		{8F37F185-9EE8-4554-A532-33321D52FD6C}.Release|x64.ActiveCfg = Release|Any CPU
		{8F37F185-9EE8-4554-A532-33321D52FD6C}.Release|x86.ActiveCfg = Release|x86
		{8F37F185-9EE8-4554-A532-33321D52FD6C}.Release|x86.Build.0 = Release|x86
		{8F37F185-9EE8-4554-A532-33321D52FD6C}.Release|x86.Deploy.0 = Release|x86
		{88D63938-5D21-449E-AAB2-C013F5B18AA9}.Ad-Hoc|Any CPU.ActiveCfg = Release|Any CPU
		{88D63938-5D21-449E-AAB2-C013F5B18AA9}.Ad-Hoc|Any CPU.Build.0 = Release|Any CPU
		{88D63938-5D21-449E-AAB2-C013F5B18AA9}.Ad-Hoc|Any CPU.Deploy.0 = Release|Any CPU
		{88D63938-5D21-449E-AAB2-C013F5B18AA9}.Ad-Hoc|ARM.ActiveCfg = Release|Any CPU
		{88D63938-5D21-449E-AAB2-C013F5B18AA9}.Ad-Hoc|iPhone.ActiveCfg = Release|Any CPU
		{88D63938-5D21-449E-AAB2-C013F5B18AA9}.Ad-Hoc|iPhoneSimulator.ActiveCfg = Release|Any CPU
		{88D63938-5D21-449E-AAB2-C013F5B18AA9}.Ad-Hoc|Mixed Platforms.ActiveCfg = Release|Any CPU
		{88D63938-5D21-449E-AAB2-C013F5B18AA9}.Ad-Hoc|Mixed Platforms.Build.0 = Release|Any CPU
		{88D63938-5D21-449E-AAB2-C013F5B18AA9}.Ad-Hoc|Mixed Platforms.Deploy.0 = Release|Any CPU
		{88D63938-5D21-449E-AAB2-C013F5B18AA9}.Ad-Hoc|x64.ActiveCfg = Release|Any CPU
		{88D63938-5D21-449E-AAB2-C013F5B18AA9}.Ad-Hoc|x86.ActiveCfg = Release|Any CPU
		{88D63938-5D21-449E-AAB2-C013F5B18AA9}.AppStore|Any CPU.ActiveCfg = Release|Any CPU
		{88D63938-5D21-449E-AAB2-C013F5B18AA9}.AppStore|Any CPU.Build.0 = Release|Any CPU
		{88D63938-5D21-449E-AAB2-C013F5B18AA9}.AppStore|Any CPU.Deploy.0 = Release|Any CPU
		{88D63938-5D21-449E-AAB2-C013F5B18AA9}.AppStore|ARM.ActiveCfg = Release|Any CPU
		{88D63938-5D21-449E-AAB2-C013F5B18AA9}.AppStore|iPhone.ActiveCfg = Release|Any CPU
		{88D63938-5D21-449E-AAB2-C013F5B18AA9}.AppStore|iPhoneSimulator.ActiveCfg = Release|Any CPU
		{88D63938-5D21-449E-AAB2-C013F5B18AA9}.AppStore|Mixed Platforms.ActiveCfg = Release|Any CPU
		{88D63938-5D21-449E-AAB2-C013F5B18AA9}.AppStore|Mixed Platforms.Build.0 = Release|Any CPU
		{88D63938-5D21-449E-AAB2-C013F5B18AA9}.AppStore|Mixed Platforms.Deploy.0 = Release|Any CPU
		{88D63938-5D21-449E-AAB2-C013F5B18AA9}.AppStore|x64.ActiveCfg = Release|Any CPU
		{88D63938-5D21-449E-AAB2-C013F5B18AA9}.AppStore|x86.ActiveCfg = Release|Any CPU
		{88D63938-5D21-449E-AAB2-C013F5B18AA9}.Debug|Any CPU.ActiveCfg = Debug|Any CPU
		{88D63938-5D21-449E-AAB2-C013F5B18AA9}.Debug|Any CPU.Build.0 = Debug|Any CPU
		{88D63938-5D21-449E-AAB2-C013F5B18AA9}.Debug|Any CPU.Deploy.0 = Debug|Any CPU
		{88D63938-5D21-449E-AAB2-C013F5B18AA9}.Debug|ARM.ActiveCfg = Debug|Any CPU
		{88D63938-5D21-449E-AAB2-C013F5B18AA9}.Debug|iPhone.ActiveCfg = Debug|Any CPU
		{88D63938-5D21-449E-AAB2-C013F5B18AA9}.Debug|iPhoneSimulator.ActiveCfg = Debug|Any CPU
		{88D63938-5D21-449E-AAB2-C013F5B18AA9}.Debug|Mixed Platforms.ActiveCfg = Debug|Any CPU
		{88D63938-5D21-449E-AAB2-C013F5B18AA9}.Debug|Mixed Platforms.Build.0 = Debug|Any CPU
		{88D63938-5D21-449E-AAB2-C013F5B18AA9}.Debug|Mixed Platforms.Deploy.0 = Debug|Any CPU
		{88D63938-5D21-449E-AAB2-C013F5B18AA9}.Debug|x64.ActiveCfg = Debug|Any CPU
		{88D63938-5D21-449E-AAB2-C013F5B18AA9}.Debug|x86.ActiveCfg = Debug|Any CPU
		{88D63938-5D21-449E-AAB2-C013F5B18AA9}.Release|Any CPU.ActiveCfg = Release|Any CPU
		{88D63938-5D21-449E-AAB2-C013F5B18AA9}.Release|Any CPU.Build.0 = Release|Any CPU
		{88D63938-5D21-449E-AAB2-C013F5B18AA9}.Release|Any CPU.Deploy.0 = Release|Any CPU
		{88D63938-5D21-449E-AAB2-C013F5B18AA9}.Release|ARM.ActiveCfg = Release|Any CPU
		{88D63938-5D21-449E-AAB2-C013F5B18AA9}.Release|iPhone.ActiveCfg = Release|Any CPU
		{88D63938-5D21-449E-AAB2-C013F5B18AA9}.Release|iPhoneSimulator.ActiveCfg = Release|Any CPU
		{88D63938-5D21-449E-AAB2-C013F5B18AA9}.Release|Mixed Platforms.ActiveCfg = Release|Any CPU
		{88D63938-5D21-449E-AAB2-C013F5B18AA9}.Release|Mixed Platforms.Build.0 = Release|Any CPU
		{88D63938-5D21-449E-AAB2-C013F5B18AA9}.Release|Mixed Platforms.Deploy.0 = Release|Any CPU
		{88D63938-5D21-449E-AAB2-C013F5B18AA9}.Release|x64.ActiveCfg = Release|Any CPU
		{88D63938-5D21-449E-AAB2-C013F5B18AA9}.Release|x86.ActiveCfg = Release|Any CPU
		{EE4FC55F-3942-46C1-B836-D078AD83D862}.Ad-Hoc|Any CPU.ActiveCfg = Ad-Hoc|iPhone
		{EE4FC55F-3942-46C1-B836-D078AD83D862}.Ad-Hoc|ARM.ActiveCfg = Ad-Hoc|iPhone
		{EE4FC55F-3942-46C1-B836-D078AD83D862}.Ad-Hoc|iPhone.ActiveCfg = Ad-Hoc|iPhone
		{EE4FC55F-3942-46C1-B836-D078AD83D862}.Ad-Hoc|iPhone.Build.0 = Ad-Hoc|iPhone
		{EE4FC55F-3942-46C1-B836-D078AD83D862}.Ad-Hoc|iPhoneSimulator.ActiveCfg = Ad-Hoc|iPhoneSimulator
		{EE4FC55F-3942-46C1-B836-D078AD83D862}.Ad-Hoc|iPhoneSimulator.Build.0 = Ad-Hoc|iPhoneSimulator
		{EE4FC55F-3942-46C1-B836-D078AD83D862}.Ad-Hoc|Mixed Platforms.ActiveCfg = Ad-Hoc|iPhone
		{EE4FC55F-3942-46C1-B836-D078AD83D862}.Ad-Hoc|Mixed Platforms.Build.0 = Ad-Hoc|iPhone
		{EE4FC55F-3942-46C1-B836-D078AD83D862}.Ad-Hoc|x64.ActiveCfg = Ad-Hoc|iPhone
		{EE4FC55F-3942-46C1-B836-D078AD83D862}.Ad-Hoc|x86.ActiveCfg = Ad-Hoc|iPhone
		{EE4FC55F-3942-46C1-B836-D078AD83D862}.AppStore|Any CPU.ActiveCfg = AppStore|iPhone
		{EE4FC55F-3942-46C1-B836-D078AD83D862}.AppStore|ARM.ActiveCfg = AppStore|iPhone
		{EE4FC55F-3942-46C1-B836-D078AD83D862}.AppStore|iPhone.ActiveCfg = AppStore|iPhone
		{EE4FC55F-3942-46C1-B836-D078AD83D862}.AppStore|iPhone.Build.0 = AppStore|iPhone
		{EE4FC55F-3942-46C1-B836-D078AD83D862}.AppStore|iPhoneSimulator.ActiveCfg = AppStore|iPhoneSimulator
		{EE4FC55F-3942-46C1-B836-D078AD83D862}.AppStore|iPhoneSimulator.Build.0 = AppStore|iPhoneSimulator
		{EE4FC55F-3942-46C1-B836-D078AD83D862}.AppStore|Mixed Platforms.ActiveCfg = AppStore|iPhone
		{EE4FC55F-3942-46C1-B836-D078AD83D862}.AppStore|Mixed Platforms.Build.0 = AppStore|iPhone
		{EE4FC55F-3942-46C1-B836-D078AD83D862}.AppStore|x64.ActiveCfg = AppStore|iPhone
		{EE4FC55F-3942-46C1-B836-D078AD83D862}.AppStore|x86.ActiveCfg = AppStore|iPhone
		{EE4FC55F-3942-46C1-B836-D078AD83D862}.Debug|Any CPU.ActiveCfg = Debug|iPhone
		{EE4FC55F-3942-46C1-B836-D078AD83D862}.Debug|ARM.ActiveCfg = Debug|iPhone
		{EE4FC55F-3942-46C1-B836-D078AD83D862}.Debug|iPhone.ActiveCfg = Debug|iPhone
		{EE4FC55F-3942-46C1-B836-D078AD83D862}.Debug|iPhone.Build.0 = Debug|iPhone
		{EE4FC55F-3942-46C1-B836-D078AD83D862}.Debug|iPhoneSimulator.ActiveCfg = Debug|iPhoneSimulator
		{EE4FC55F-3942-46C1-B836-D078AD83D862}.Debug|iPhoneSimulator.Build.0 = Debug|iPhoneSimulator
		{EE4FC55F-3942-46C1-B836-D078AD83D862}.Debug|Mixed Platforms.ActiveCfg = Debug|iPhoneSimulator
		{EE4FC55F-3942-46C1-B836-D078AD83D862}.Debug|Mixed Platforms.Build.0 = Debug|iPhoneSimulator
		{EE4FC55F-3942-46C1-B836-D078AD83D862}.Debug|Mixed Platforms.Deploy.0 = Debug|iPhoneSimulator
		{EE4FC55F-3942-46C1-B836-D078AD83D862}.Debug|x64.ActiveCfg = Debug|iPhone
		{EE4FC55F-3942-46C1-B836-D078AD83D862}.Debug|x86.ActiveCfg = Debug|iPhone
		{EE4FC55F-3942-46C1-B836-D078AD83D862}.Release|Any CPU.ActiveCfg = Release|iPhone
		{EE4FC55F-3942-46C1-B836-D078AD83D862}.Release|ARM.ActiveCfg = Release|iPhone
		{EE4FC55F-3942-46C1-B836-D078AD83D862}.Release|iPhone.ActiveCfg = Release|iPhone
		{EE4FC55F-3942-46C1-B836-D078AD83D862}.Release|iPhone.Build.0 = Release|iPhone
		{EE4FC55F-3942-46C1-B836-D078AD83D862}.Release|iPhoneSimulator.ActiveCfg = Release|iPhoneSimulator
		{EE4FC55F-3942-46C1-B836-D078AD83D862}.Release|iPhoneSimulator.Build.0 = Release|iPhoneSimulator
		{EE4FC55F-3942-46C1-B836-D078AD83D862}.Release|Mixed Platforms.ActiveCfg = Release|iPhone
		{EE4FC55F-3942-46C1-B836-D078AD83D862}.Release|Mixed Platforms.Build.0 = Release|iPhone
		{EE4FC55F-3942-46C1-B836-D078AD83D862}.Release|x64.ActiveCfg = Release|iPhone
		{EE4FC55F-3942-46C1-B836-D078AD83D862}.Release|x86.ActiveCfg = Release|iPhone
	EndGlobalSection
	GlobalSection(SolutionProperties) = preSolution
		HideSolutionNode = FALSE
	EndGlobalSection
	GlobalSection(NestedProjects) = preSolution
		{A6B527D7-0B19-4F5A-A442-A051B514B58F} = {37CB94F4-A400-4F08-B74C-C1E820CB4F6C}
		{2732A524-4ADA-4F4D-B712-02ADA79037D0} = {37CB94F4-A400-4F08-B74C-C1E820CB4F6C}
		{8F37F185-9EE8-4554-A532-33321D52FD6C} = {37CB94F4-A400-4F08-B74C-C1E820CB4F6C}
	EndGlobalSection
EndGlobal
